
Microsoft Visual Studio Solution File, Format Version 12.00
# Visual Studio Version 17
VisualStudioVersion = 17.7.34024.191
MinimumVisualStudioVersion = 10.0.40219.1
Project("{FAE04EC0-301F-11D3-BF4B-00C04F79EFBC}") = "Task1", "Task1\Task1.csproj", "{C65477A7-0AA6-400E-A5E3-642FFF7220B4}"
EndProject
Project("{FAE04EC0-301F-11D3-BF4B-00C04F79EFBC}") = "Task2", "Task2\Task2.csproj", "{1A7A742A-1235-415D-A6B2-4F31EE27B66E}"
EndProject
Project("{FAE04EC0-301F-11D3-BF4B-00C04F79EFBC}") = "Task2RectangleTest", "Task2RectangleTest\Task2RectangleTest.csproj", "{98F5179F-A325-4FBE-AE28-263B3C3DE03C}"
EndProject
Global
	GlobalSection(SolutionConfigurationPlatforms) = preSolution
		Debug|Any CPU = Debug|Any CPU
		Release|Any CPU = Release|Any CPU
	EndGlobalSection
	GlobalSection(ProjectConfigurationPlatforms) = postSolution
		{C65477A7-0AA6-400E-A5E3-642FFF7220B4}.Debug|Any CPU.ActiveCfg = Debug|Any CPU
		{C65477A7-0AA6-400E-A5E3-642FFF7220B4}.Debug|Any CPU.Build.0 = Debug|Any CPU
		{C65477A7-0AA6-400E-A5E3-642FFF7220B4}.Release|Any CPU.ActiveCfg = Release|Any CPU
		{C65477A7-0AA6-400E-A5E3-642FFF7220B4}.Release|Any CPU.Build.0 = Release|Any CPU
		{1A7A742A-1235-415D-A6B2-4F31EE27B66E}.Debug|Any CPU.ActiveCfg = Debug|Any CPU
		{1A7A742A-1235-415D-A6B2-4F31EE27B66E}.Debug|Any CPU.Build.0 = Debug|Any CPU
		{1A7A742A-1235-415D-A6B2-4F31EE27B66E}.Release|Any CPU.ActiveCfg = Release|Any CPU
		{1A7A742A-1235-415D-A6B2-4F31EE27B66E}.Release|Any CPU.Build.0 = Release|Any CPU
		{98F5179F-A325-4FBE-AE28-263B3C3DE03C}.Debug|Any CPU.ActiveCfg = Debug|Any CPU
		{98F5179F-A325-4FBE-AE28-263B3C3DE03C}.Debug|Any CPU.Build.0 = Debug|Any CPU
		{98F5179F-A325-4FBE-AE28-263B3C3DE03C}.Release|Any CPU.ActiveCfg = Release|Any CPU
		{98F5179F-A325-4FBE-AE28-263B3C3DE03C}.Release|Any CPU.Build.0 = Release|Any CPU
	EndGlobalSection
	GlobalSection(SolutionProperties) = preSolution
		HideSolutionNode = FALSE
	EndGlobalSection
	GlobalSection(ExtensibilityGlobals) = postSolution
		SolutionGuid = {4D98C58D-5E0B-4191-8B41-7972967E31C9}
	EndGlobalSection
EndGlobal
