
Microsoft Visual Studio Solution File, Format Version 12.00
# Visual Studio Version 17
VisualStudioVersion = 17.7.34024.191
MinimumVisualStudioVersion = 10.0.40219.1
Project("{FAE04EC0-301F-11D3-BF4B-00C04F79EFBC}") = "Task1", "Task1\Task1.csproj", "{2E89BABC-0CB0-4C64-B35D-CBF342436A48}"
EndProject
Project("{FAE04EC0-301F-11D3-BF4B-00C04F79EFBC}") = "Task2", "Task2\Task2.csproj", "{BFA061CC-DE32-4EA6-BC3E-4465DC3DBC6E}"
EndProject
Project("{FAE04EC0-301F-11D3-BF4B-00C04F79EFBC}") = "Task3", "Task3\Task3.csproj", "{8A0BC963-FE2A-4C4C-89ED-3CBAFEBD0188}"
EndProject
Global
	GlobalSection(SolutionConfigurationPlatforms) = preSolution
		Debug|Any CPU = Debug|Any CPU
		Release|Any CPU = Release|Any CPU
	EndGlobalSection
	GlobalSection(ProjectConfigurationPlatforms) = postSolution
		{2E89BABC-0CB0-4C64-B35D-CBF342436A48}.Debug|Any CPU.ActiveCfg = Debug|Any CPU
		{2E89BABC-0CB0-4C64-B35D-CBF342436A48}.Debug|Any CPU.Build.0 = Debug|Any CPU
		{2E89BABC-0CB0-4C64-B35D-CBF342436A48}.Release|Any CPU.ActiveCfg = Release|Any CPU
		{2E89BABC-0CB0-4C64-B35D-CBF342436A48}.Release|Any CPU.Build.0 = Release|Any CPU
		{BFA061CC-DE32-4EA6-BC3E-4465DC3DBC6E}.Debug|Any CPU.ActiveCfg = Debug|Any CPU
		{BFA061CC-DE32-4EA6-BC3E-4465DC3DBC6E}.Debug|Any CPU.Build.0 = Debug|Any CPU
		{BFA061CC-DE32-4EA6-BC3E-4465DC3DBC6E}.Release|Any CPU.ActiveCfg = Release|Any CPU
		{BFA061CC-DE32-4EA6-BC3E-4465DC3DBC6E}.Release|Any CPU.Build.0 = Release|Any CPU
		{8A0BC963-FE2A-4C4C-89ED-3CBAFEBD0188}.Debug|Any CPU.ActiveCfg = Debug|Any CPU
		{8A0BC963-FE2A-4C4C-89ED-3CBAFEBD0188}.Debug|Any CPU.Build.0 = Debug|Any CPU
		{8A0BC963-FE2A-4C4C-89ED-3CBAFEBD0188}.Release|Any CPU.ActiveCfg = Release|Any CPU
		{8A0BC963-FE2A-4C4C-89ED-3CBAFEBD0188}.Release|Any CPU.Build.0 = Release|Any CPU
	EndGlobalSection
	GlobalSection(SolutionProperties) = preSolution
		HideSolutionNode = FALSE
	EndGlobalSection
	GlobalSection(ExtensibilityGlobals) = postSolution
		SolutionGuid = {D6272197-4094-42F9-9E2E-3EC1C1D74369}
	EndGlobalSection
EndGlobal
