
Microsoft Visual Studio Solution File, Format Version 12.00
# Visual Studio Version 17
VisualStudioVersion = 17.7.34024.191
MinimumVisualStudioVersion = 10.0.40219.1
Project("{FAE04EC0-301F-11D3-BF4B-00C04F79EFBC}") = "Task1", "Task1\Task1.csproj", "{16B26737-0F4E-4334-8E35-B3D49CB67E8D}"
EndProject
Project("{FAE04EC0-301F-11D3-BF4B-00C04F79EFBC}") = "Task2", "Task2\Task2.csproj", "{6C3DD266-1907-4817-85D9-0DFCC7C6A4BA}"
EndProject
Project("{FAE04EC0-301F-11D3-BF4B-00C04F79EFBC}") = "Task3", "Task3\Task3.csproj", "{A928AB51-B7D9-45A6-8957-61907B74E845}"
EndProject
Global
	GlobalSection(SolutionConfigurationPlatforms) = preSolution
		Debug|Any CPU = Debug|Any CPU
		Release|Any CPU = Release|Any CPU
	EndGlobalSection
	GlobalSection(ProjectConfigurationPlatforms) = postSolution
		{16B26737-0F4E-4334-8E35-B3D49CB67E8D}.Debug|Any CPU.ActiveCfg = Debug|Any CPU
		{16B26737-0F4E-4334-8E35-B3D49CB67E8D}.Debug|Any CPU.Build.0 = Debug|Any CPU
		{16B26737-0F4E-4334-8E35-B3D49CB67E8D}.Release|Any CPU.ActiveCfg = Release|Any CPU
		{16B26737-0F4E-4334-8E35-B3D49CB67E8D}.Release|Any CPU.Build.0 = Release|Any CPU
		{6C3DD266-1907-4817-85D9-0DFCC7C6A4BA}.Debug|Any CPU.ActiveCfg = Debug|Any CPU
		{6C3DD266-1907-4817-85D9-0DFCC7C6A4BA}.Debug|Any CPU.Build.0 = Debug|Any CPU
		{6C3DD266-1907-4817-85D9-0DFCC7C6A4BA}.Release|Any CPU.ActiveCfg = Release|Any CPU
		{6C3DD266-1907-4817-85D9-0DFCC7C6A4BA}.Release|Any CPU.Build.0 = Release|Any CPU
		{A928AB51-B7D9-45A6-8957-61907B74E845}.Debug|Any CPU.ActiveCfg = Debug|Any CPU
		{A928AB51-B7D9-45A6-8957-61907B74E845}.Debug|Any CPU.Build.0 = Debug|Any CPU
		{A928AB51-B7D9-45A6-8957-61907B74E845}.Release|Any CPU.ActiveCfg = Release|Any CPU
		{A928AB51-B7D9-45A6-8957-61907B74E845}.Release|Any CPU.Build.0 = Release|Any CPU
	EndGlobalSection
	GlobalSection(SolutionProperties) = preSolution
		HideSolutionNode = FALSE
	EndGlobalSection
	GlobalSection(ExtensibilityGlobals) = postSolution
		SolutionGuid = {B7775642-A9A3-4DC3-B5FF-F105B96FB5F6}
	EndGlobalSection
EndGlobal
